
Microsoft Visual Studio Solution File, Format Version 12.00
# Visual Studio Version 17
VisualStudioVersion = 17.7.34031.279
MinimumVisualStudioVersion = 10.0.40219.1
Project("{54A90642-561A-4BB1-A94E-469ADEE60C69}") = "front", "angularapp\front.esproj", "{1D7B9BD2-B1B5-4054-85C1-412281E88349}"
EndProject
Project("{9A19103F-16F7-4668-BE54-9A1E7A4F7556}") = "API", "webapi\API.csproj", "{9E462A6B-48E2-4122-86D2-50E3DFE5A076}"
EndProject
Project("{9A19103F-16F7-4668-BE54-9A1E7A4F7556}") = "DAL", "DAL\DAL.csproj", "{8A89D38A-A625-4F2C-8BFD-8A594E9589FD}"
EndProject
Project("{9A19103F-16F7-4668-BE54-9A1E7A4F7556}") = "DTO", "DTO\DTO.csproj", "{CE6EAE89-0D37-4A67-A434-F413E72D87CA}"
EndProject
Project("{9A19103F-16F7-4668-BE54-9A1E7A4F7556}") = "BL", "BL\BL.csproj", "{6D638A5F-A749-4D61-AF13-ACBD183623BF}"
EndProject
Project("{9A19103F-16F7-4668-BE54-9A1E7A4F7556}") = "models", "models\models.csproj", "{EE85712E-9014-455E-B84E-BD92219BED4E}"
EndProject
Global
	GlobalSection(SolutionConfigurationPlatforms) = preSolution
		Debug|Any CPU = Debug|Any CPU
		Release|Any CPU = Release|Any CPU
	EndGlobalSection
	GlobalSection(ProjectConfigurationPlatforms) = postSolution
		{1D7B9BD2-B1B5-4054-85C1-412281E88349}.Debug|Any CPU.ActiveCfg = Debug|Any CPU
		{1D7B9BD2-B1B5-4054-85C1-412281E88349}.Debug|Any CPU.Build.0 = Debug|Any CPU
		{1D7B9BD2-B1B5-4054-85C1-412281E88349}.Debug|Any CPU.Deploy.0 = Debug|Any CPU
		{1D7B9BD2-B1B5-4054-85C1-412281E88349}.Release|Any CPU.ActiveCfg = Release|Any CPU
		{1D7B9BD2-B1B5-4054-85C1-412281E88349}.Release|Any CPU.Build.0 = Release|Any CPU
		{1D7B9BD2-B1B5-4054-85C1-412281E88349}.Release|Any CPU.Deploy.0 = Release|Any CPU
		{9E462A6B-48E2-4122-86D2-50E3DFE5A076}.Debug|Any CPU.ActiveCfg = Debug|Any CPU
		{9E462A6B-48E2-4122-86D2-50E3DFE5A076}.Debug|Any CPU.Build.0 = Debug|Any CPU
		{9E462A6B-48E2-4122-86D2-50E3DFE5A076}.Release|Any CPU.ActiveCfg = Release|Any CPU
		{9E462A6B-48E2-4122-86D2-50E3DFE5A076}.Release|Any CPU.Build.0 = Release|Any CPU
		{8A89D38A-A625-4F2C-8BFD-8A594E9589FD}.Debug|Any CPU.ActiveCfg = Debug|Any CPU
		{8A89D38A-A625-4F2C-8BFD-8A594E9589FD}.Debug|Any CPU.Build.0 = Debug|Any CPU
		{8A89D38A-A625-4F2C-8BFD-8A594E9589FD}.Release|Any CPU.ActiveCfg = Release|Any CPU
		{8A89D38A-A625-4F2C-8BFD-8A594E9589FD}.Release|Any CPU.Build.0 = Release|Any CPU
		{CE6EAE89-0D37-4A67-A434-F413E72D87CA}.Debug|Any CPU.ActiveCfg = Debug|Any CPU
		{CE6EAE89-0D37-4A67-A434-F413E72D87CA}.Debug|Any CPU.Build.0 = Debug|Any CPU
		{CE6EAE89-0D37-4A67-A434-F413E72D87CA}.Release|Any CPU.ActiveCfg = Release|Any CPU
		{CE6EAE89-0D37-4A67-A434-F413E72D87CA}.Release|Any CPU.Build.0 = Release|Any CPU
		{6D638A5F-A749-4D61-AF13-ACBD183623BF}.Debug|Any CPU.ActiveCfg = Debug|Any CPU
		{6D638A5F-A749-4D61-AF13-ACBD183623BF}.Debug|Any CPU.Build.0 = Debug|Any CPU
		{6D638A5F-A749-4D61-AF13-ACBD183623BF}.Release|Any CPU.ActiveCfg = Release|Any CPU
		{6D638A5F-A749-4D61-AF13-ACBD183623BF}.Release|Any CPU.Build.0 = Release|Any CPU
		{EE85712E-9014-455E-B84E-BD92219BED4E}.Debug|Any CPU.ActiveCfg = Debug|Any CPU
		{EE85712E-9014-455E-B84E-BD92219BED4E}.Debug|Any CPU.Build.0 = Debug|Any CPU
		{EE85712E-9014-455E-B84E-BD92219BED4E}.Release|Any CPU.ActiveCfg = Release|Any CPU
		{EE85712E-9014-455E-B84E-BD92219BED4E}.Release|Any CPU.Build.0 = Release|Any CPU
	EndGlobalSection
	GlobalSection(SolutionProperties) = preSolution
		HideSolutionNode = FALSE
	EndGlobalSection
	GlobalSection(ExtensibilityGlobals) = postSolution
		SolutionGuid = {4AD9D4B8-D403-4063-91E8-CD20426DCCBE}
	EndGlobalSection
EndGlobal
